
Microsoft Visual Studio Solution File, Format Version 12.00
# Visual Studio 15
VisualStudioVersion = 15.0.28307.136
MinimumVisualStudioVersion = 10.0.40219.1
Project("{9A19103F-16F7-4668-BE54-9A1E7A4F7556}") = "Datahub.Sitemap", "Datahub.Sitemap\Datahub.Sitemap.csproj", "{20C58A56-4886-446E-942E-57B9766D032B}"
EndProject
Project("{9A19103F-16F7-4668-BE54-9A1E7A4F7556}") = "Datahub.Sitemap.Tests", "Datahub.Sitemap.Tests\Datahub.Sitemap.Tests.csproj", "{69FF0FCB-8B8B-4FDD-8870-74E70BCF0837}"
EndProject
Global
	GlobalSection(SolutionConfigurationPlatforms) = preSolution
		Debug|Any CPU = Debug|Any CPU
		Release|Any CPU = Release|Any CPU
	EndGlobalSection
	GlobalSection(ProjectConfigurationPlatforms) = postSolution
		{20C58A56-4886-446E-942E-57B9766D032B}.Debug|Any CPU.ActiveCfg = Debug|Any CPU
		{20C58A56-4886-446E-942E-57B9766D032B}.Debug|Any CPU.Build.0 = Debug|Any CPU
		{20C58A56-4886-446E-942E-57B9766D032B}.Release|Any CPU.ActiveCfg = Release|Any CPU
		{20C58A56-4886-446E-942E-57B9766D032B}.Release|Any CPU.Build.0 = Release|Any CPU
		{69FF0FCB-8B8B-4FDD-8870-74E70BCF0837}.Debug|Any CPU.ActiveCfg = Debug|Any CPU
		{69FF0FCB-8B8B-4FDD-8870-74E70BCF0837}.Debug|Any CPU.Build.0 = Debug|Any CPU
		{69FF0FCB-8B8B-4FDD-8870-74E70BCF0837}.Release|Any CPU.ActiveCfg = Release|Any CPU
		{69FF0FCB-8B8B-4FDD-8870-74E70BCF0837}.Release|Any CPU.Build.0 = Release|Any CPU
	EndGlobalSection
	GlobalSection(SolutionProperties) = preSolution
		HideSolutionNode = FALSE
	EndGlobalSection
	GlobalSection(ExtensibilityGlobals) = postSolution
		SolutionGuid = {E91AD121-2F5B-4399-B9BE-95823DC4C77F}
	EndGlobalSection
EndGlobal
